// !$*UTF8*$!
{
	archiveVersion = 1;
	classes = {
	};
	objectVersion = 55;
	objects = {

/* Begin PBXBuildFile section */
		D1EF457B27D3C0EA0000A286 /* AppDelegate.swift in Sources */ = {isa = PBXBuildFile; fileRef = D1EF457A27D3C0EA0000A286 /* AppDelegate.swift */; };
		D1EF457D27D3C0EA0000A286 /* SceneDelegate.swift in Sources */ = {isa = PBXBuildFile; fileRef = D1EF457C27D3C0EA0000A286 /* SceneDelegate.swift */; };
		D1EF457F27D3C0EA0000A286 /* ViewController.swift in Sources */ = {isa = PBXBuildFile; fileRef = D1EF457E27D3C0EA0000A286 /* ViewController.swift */; };
		D1EF458227D3C0EA0000A286 /* Main.storyboard in Resources */ = {isa = PBXBuildFile; fileRef = D1EF458027D3C0EA0000A286 /* Main.storyboard */; };
		D1EF458427D3C0EB0000A286 /* Assets.xcassets in Resources */ = {isa = PBXBuildFile; fileRef = D1EF458327D3C0EB0000A286 /* Assets.xcassets */; };
		D1EF458727D3C0EB0000A286 /* LaunchScreen.storyboard in Resources */ = {isa = PBXBuildFile; fileRef = D1EF458527D3C0EB0000A286 /* LaunchScreen.storyboard */; };
		D1EF458F27D3C1520000A286 /* MazeRoomView.xib in Resources */ = {isa = PBXBuildFile; fileRef = D1EF458E27D3C1520000A286 /* MazeRoomView.xib */; };
		D1EF459F27D5ABDF0000A286 /* MazeRoomView.swift in Sources */ = {isa = PBXBuildFile; fileRef = D1EF459E27D5ABDF0000A286 /* MazeRoomView.swift */; };
		D1EF45A127D5AD250000A286 /* MazeRoomViewController.swift in Sources */ = {isa = PBXBuildFile; fileRef = D1EF45A027D5AD250000A286 /* MazeRoomViewController.swift */; };
		D1EF45A427D5B09B0000A286 /* MazeRoomGenerator.swift in Sources */ = {isa = PBXBuildFile; fileRef = D1EF45A327D5B09B0000A286 /* MazeRoomGenerator.swift */; };
		D1EF45A727D62C620000A286 /* MazeRoomViewController.storyboard in Resources */ = {isa = PBXBuildFile; fileRef = D1EF45A627D62C620000A286 /* MazeRoomViewController.storyboard */; };
		D1EF45A927D63AE00000A286 /* MazeRoomModel.swift in Sources */ = {isa = PBXBuildFile; fileRef = D1EF45A827D63AE00000A286 /* MazeRoomModel.swift */; };
		D1EF45AB27D63DE00000A286 /* ModelDelegate.swift in Sources */ = {isa = PBXBuildFile; fileRef = D1EF45AA27D63DE00000A286 /* ModelDelegate.swift */; };
/* End PBXBuildFile section */

/* Begin PBXFileReference section */
		D1EF457727D3C0EA0000A286 /* SIBERS_TestTask.app */ = {isa = PBXFileReference; explicitFileType = wrapper.application; includeInIndex = 0; path = SIBERS_TestTask.app; sourceTree = BUILT_PRODUCTS_DIR; };
		D1EF457A27D3C0EA0000A286 /* AppDelegate.swift */ = {isa = PBXFileReference; lastKnownFileType = sourcecode.swift; path = AppDelegate.swift; sourceTree = "<group>"; };
		D1EF457C27D3C0EA0000A286 /* SceneDelegate.swift */ = {isa = PBXFileReference; lastKnownFileType = sourcecode.swift; path = SceneDelegate.swift; sourceTree = "<group>"; };
		D1EF457E27D3C0EA0000A286 /* ViewController.swift */ = {isa = PBXFileReference; lastKnownFileType = sourcecode.swift; path = ViewController.swift; sourceTree = "<group>"; };
		D1EF458127D3C0EA0000A286 /* Base */ = {isa = PBXFileReference; lastKnownFileType = file.storyboard; name = Base; path = Base.lproj/Main.storyboard; sourceTree = "<group>"; };
		D1EF458327D3C0EB0000A286 /* Assets.xcassets */ = {isa = PBXFileReference; lastKnownFileType = folder.assetcatalog; path = Assets.xcassets; sourceTree = "<group>"; };
		D1EF458627D3C0EB0000A286 /* Base */ = {isa = PBXFileReference; lastKnownFileType = file.storyboard; name = Base; path = Base.lproj/LaunchScreen.storyboard; sourceTree = "<group>"; };
		D1EF458827D3C0EB0000A286 /* Info.plist */ = {isa = PBXFileReference; lastKnownFileType = text.plist.xml; path = Info.plist; sourceTree = "<group>"; };
		D1EF458E27D3C1520000A286 /* MazeRoomView.xib */ = {isa = PBXFileReference; lastKnownFileType = file.xib; path = MazeRoomView.xib; sourceTree = "<group>"; };
		D1EF459E27D5ABDF0000A286 /* MazeRoomView.swift */ = {isa = PBXFileReference; lastKnownFileType = sourcecode.swift; path = MazeRoomView.swift; sourceTree = "<group>"; };
		D1EF45A027D5AD250000A286 /* MazeRoomViewController.swift */ = {isa = PBXFileReference; lastKnownFileType = sourcecode.swift; path = MazeRoomViewController.swift; sourceTree = "<group>"; };
		D1EF45A327D5B09B0000A286 /* MazeRoomGenerator.swift */ = {isa = PBXFileReference; lastKnownFileType = sourcecode.swift; path = MazeRoomGenerator.swift; sourceTree = "<group>"; };
		D1EF45A627D62C620000A286 /* MazeRoomViewController.storyboard */ = {isa = PBXFileReference; lastKnownFileType = file.storyboard; path = MazeRoomViewController.storyboard; sourceTree = "<group>"; };
		D1EF45A827D63AE00000A286 /* MazeRoomModel.swift */ = {isa = PBXFileReference; lastKnownFileType = sourcecode.swift; path = MazeRoomModel.swift; sourceTree = "<group>"; };
		D1EF45AA27D63DE00000A286 /* ModelDelegate.swift */ = {isa = PBXFileReference; lastKnownFileType = sourcecode.swift; path = ModelDelegate.swift; sourceTree = "<group>"; };
/* End PBXFileReference section */

/* Begin PBXFrameworksBuildPhase section */
		D1EF457427D3C0EA0000A286 /* Frameworks */ = {
			isa = PBXFrameworksBuildPhase;
			buildActionMask = 2147483647;
			files = (
			);
			runOnlyForDeploymentPostprocessing = 0;
		};
/* End PBXFrameworksBuildPhase section */

/* Begin PBXGroup section */
		D1EF456E27D3C0EA0000A286 = {
			isa = PBXGroup;
			children = (
				D1EF457927D3C0EA0000A286 /* SIBERS_TestTask */,
				D1EF457827D3C0EA0000A286 /* Products */,
			);
			sourceTree = "<group>";
		};
		D1EF457827D3C0EA0000A286 /* Products */ = {
			isa = PBXGroup;
			children = (
				D1EF457727D3C0EA0000A286 /* SIBERS_TestTask.app */,
			);
			name = Products;
			sourceTree = "<group>";
		};
		D1EF457927D3C0EA0000A286 /* SIBERS_TestTask */ = {
			isa = PBXGroup;
			children = (
				D1EF45A227D5B0460000A286 /* Controllers */,
				D1EF459327D4BD3C0000A286 /* Models */,
				D1EF459027D4BCF30000A286 /* UI */,
				D1EF457A27D3C0EA0000A286 /* AppDelegate.swift */,
				D1EF457C27D3C0EA0000A286 /* SceneDelegate.swift */,
				D1EF457E27D3C0EA0000A286 /* ViewController.swift */,
				D1EF458027D3C0EA0000A286 /* Main.storyboard */,
				D1EF458327D3C0EB0000A286 /* Assets.xcassets */,
				D1EF458527D3C0EB0000A286 /* LaunchScreen.storyboard */,
				D1EF458827D3C0EB0000A286 /* Info.plist */,
			);
			path = SIBERS_TestTask;
			sourceTree = "<group>";
		};
		D1EF459027D4BCF30000A286 /* UI */ = {
			isa = PBXGroup;
			children = (
				D1EF459227D4BD230000A286 /* ViewControllers */,
				D1EF459127D4BD020000A286 /* Views */,
			);
			path = UI;
			sourceTree = "<group>";
		};
		D1EF459127D4BD020000A286 /* Views */ = {
			isa = PBXGroup;
			children = (
				D1EF458E27D3C1520000A286 /* MazeRoomView.xib */,
				D1EF459E27D5ABDF0000A286 /* MazeRoomView.swift */,
				D1EF45A627D62C620000A286 /* MazeRoomViewController.storyboard */,
			);
			path = Views;
			sourceTree = "<group>";
		};
		D1EF459227D4BD230000A286 /* ViewControllers */ = {
			isa = PBXGroup;
			children = (
				D1EF45A027D5AD250000A286 /* MazeRoomViewController.swift */,
			);
			path = ViewControllers;
			sourceTree = "<group>";
		};
		D1EF459327D4BD3C0000A286 /* Models */ = {
			isa = PBXGroup;
			children = (
				D1EF45A327D5B09B0000A286 /* MazeRoomGenerator.swift */,
				D1EF45A827D63AE00000A286 /* MazeRoomModel.swift */,
				D1EF45AA27D63DE00000A286 /* ModelDelegate.swift */,
			);
			path = Models;
			sourceTree = "<group>";
		};
		D1EF45A227D5B0460000A286 /* Controllers */ = {
			isa = PBXGroup;
			children = (
			);
			path = Controllers;
			sourceTree = "<group>";
		};
/* End PBXGroup section */

/* Begin PBXNativeTarget section */
		D1EF457627D3C0EA0000A286 /* SIBERS_TestTask */ = {
			isa = PBXNativeTarget;
			buildConfigurationList = D1EF458B27D3C0EB0000A286 /* Build configuration list for PBXNativeTarget "SIBERS_TestTask" */;
			buildPhases = (
				D1EF457327D3C0EA0000A286 /* Sources */,
				D1EF457427D3C0EA0000A286 /* Frameworks */,
				D1EF457527D3C0EA0000A286 /* Resources */,
			);
			buildRules = (
			);
			dependencies = (
			);
			name = SIBERS_TestTask;
			productName = SIBERS_TestTask;
			productReference = D1EF457727D3C0EA0000A286 /* SIBERS_TestTask.app */;
			productType = "com.apple.product-type.application";
		};
/* End PBXNativeTarget section */

/* Begin PBXProject section */
		D1EF456F27D3C0EA0000A286 /* Project object */ = {
			isa = PBXProject;
			attributes = {
				BuildIndependentTargetsInParallel = 1;
				LastSwiftUpdateCheck = 1320;
				LastUpgradeCheck = 1320;
				TargetAttributes = {
					D1EF457627D3C0EA0000A286 = {
						CreatedOnToolsVersion = 13.2.1;
					};
				};
			};
			buildConfigurationList = D1EF457227D3C0EA0000A286 /* Build configuration list for PBXProject "SIBERS_TestTask" */;
			compatibilityVersion = "Xcode 13.0";
			developmentRegion = en;
			hasScannedForEncodings = 0;
			knownRegions = (
				en,
				Base,
			);
			mainGroup = D1EF456E27D3C0EA0000A286;
			productRefGroup = D1EF457827D3C0EA0000A286 /* Products */;
			projectDirPath = "";
			projectRoot = "";
			targets = (
				D1EF457627D3C0EA0000A286 /* SIBERS_TestTask */,
			);
		};
/* End PBXProject section */

/* Begin PBXResourcesBuildPhase section */
		D1EF457527D3C0EA0000A286 /* Resources */ = {
			isa = PBXResourcesBuildPhase;
			buildActionMask = 2147483647;
			files = (
				D1EF458727D3C0EB0000A286 /* LaunchScreen.storyboard in Resources */,
				D1EF45A727D62C620000A286 /* MazeRoomViewController.storyboard in Resources */,
				D1EF458427D3C0EB0000A286 /* Assets.xcassets in Resources */,
				D1EF458227D3C0EA0000A286 /* Main.storyboard in Resources */,
				D1EF458F27D3C1520000A286 /* MazeRoomView.xib in Resources */,
			);
			runOnlyForDeploymentPostprocessing = 0;
		};
/* End PBXResourcesBuildPhase section */

/* Begin PBXSourcesBuildPhase section */
		D1EF457327D3C0EA0000A286 /* Sources */ = {
			isa = PBXSourcesBuildPhase;
			buildActionMask = 2147483647;
			files = (
				D1EF459F27D5ABDF0000A286 /* MazeRoomView.swift in Sources */,
				D1EF457F27D3C0EA0000A286 /* ViewController.swift in Sources */,
				D1EF45AB27D63DE00000A286 /* ModelDelegate.swift in Sources */,
				D1EF457B27D3C0EA0000A286 /* AppDelegate.swift in Sources */,
				D1EF45A127D5AD250000A286 /* MazeRoomViewController.swift in Sources */,
				D1EF45A427D5B09B0000A286 /* MazeRoomGenerator.swift in Sources */,
				D1EF45A927D63AE00000A286 /* MazeRoomModel.swift in Sources */,
				D1EF457D27D3C0EA0000A286 /* SceneDelegate.swift in Sources */,
			);
			runOnlyForDeploymentPostprocessing = 0;
		};
/* End PBXSourcesBuildPhase section */

/* Begin PBXVariantGroup section */
		D1EF458027D3C0EA0000A286 /* Main.storyboard */ = {
			isa = PBXVariantGroup;
			children = (
				D1EF458127D3C0EA0000A286 /* Base */,
			);
			name = Main.storyboard;
			sourceTree = "<group>";
		};
		D1EF458527D3C0EB0000A286 /* LaunchScreen.storyboard */ = {
			isa = PBXVariantGroup;
			children = (
				D1EF458627D3C0EB0000A286 /* Base */,
			);
			name = LaunchScreen.storyboard;
			sourceTree = "<group>";
		};
/* End PBXVariantGroup section */

/* Begin XCBuildConfiguration section */
		D1EF458927D3C0EB0000A286 /* Debug */ = {
			isa = XCBuildConfiguration;
			buildSettings = {
				ALWAYS_SEARCH_USER_PATHS = NO;
				CLANG_ANALYZER_NONNULL = YES;
				CLANG_ANALYZER_NUMBER_OBJECT_CONVERSION = YES_AGGRESSIVE;
				CLANG_CXX_LANGUAGE_STANDARD = "gnu++17";
				CLANG_CXX_LIBRARY = "libc++";
				CLANG_ENABLE_MODULES = YES;
				CLANG_ENABLE_OBJC_ARC = YES;
				CLANG_ENABLE_OBJC_WEAK = YES;
				CLANG_WARN_BLOCK_CAPTURE_AUTORELEASING = YES;
				CLANG_WARN_BOOL_CONVERSION = YES;
				CLANG_WARN_COMMA = YES;
				CLANG_WARN_CONSTANT_CONVERSION = YES;
				CLANG_WARN_DEPRECATED_OBJC_IMPLEMENTATIONS = YES;
				CLANG_WARN_DIRECT_OBJC_ISA_USAGE = YES_ERROR;
				CLANG_WARN_DOCUMENTATION_COMMENTS = YES;
				CLANG_WARN_EMPTY_BODY = YES;
				CLANG_WARN_ENUM_CONVERSION = YES;
				CLANG_WARN_INFINITE_RECURSION = YES;
				CLANG_WARN_INT_CONVERSION = YES;
				CLANG_WARN_NON_LITERAL_NULL_CONVERSION = YES;
				CLANG_WARN_OBJC_IMPLICIT_RETAIN_SELF = YES;
				CLANG_WARN_OBJC_LITERAL_CONVERSION = YES;
				CLANG_WARN_OBJC_ROOT_CLASS = YES_ERROR;
				CLANG_WARN_QUOTED_INCLUDE_IN_FRAMEWORK_HEADER = YES;
				CLANG_WARN_RANGE_LOOP_ANALYSIS = YES;
				CLANG_WARN_STRICT_PROTOTYPES = YES;
				CLANG_WARN_SUSPICIOUS_MOVE = YES;
				CLANG_WARN_UNGUARDED_AVAILABILITY = YES_AGGRESSIVE;
				CLANG_WARN_UNREACHABLE_CODE = YES;
				CLANG_WARN__DUPLICATE_METHOD_MATCH = YES;
				COPY_PHASE_STRIP = NO;
				DEBUG_INFORMATION_FORMAT = dwarf;
				ENABLE_STRICT_OBJC_MSGSEND = YES;
				ENABLE_TESTABILITY = YES;
				GCC_C_LANGUAGE_STANDARD = gnu11;
				GCC_DYNAMIC_NO_PIC = NO;
				GCC_NO_COMMON_BLOCKS = YES;
				GCC_OPTIMIZATION_LEVEL = 0;
				GCC_PREPROCESSOR_DEFINITIONS = (
					"DEBUG=1",
					"$(inherited)",
				);
				GCC_WARN_64_TO_32_BIT_CONVERSION = YES;
				GCC_WARN_ABOUT_RETURN_TYPE = YES_ERROR;
				GCC_WARN_UNDECLARED_SELECTOR = YES;
				GCC_WARN_UNINITIALIZED_AUTOS = YES_AGGRESSIVE;
				GCC_WARN_UNUSED_FUNCTION = YES;
				GCC_WARN_UNUSED_VARIABLE = YES;
				IPHONEOS_DEPLOYMENT_TARGET = 15.2;
				MTL_ENABLE_DEBUG_INFO = INCLUDE_SOURCE;
				MTL_FAST_MATH = YES;
				ONLY_ACTIVE_ARCH = YES;
				SDKROOT = iphoneos;
				SWIFT_ACTIVE_COMPILATION_CONDITIONS = DEBUG;
				SWIFT_OPTIMIZATION_LEVEL = "-Onone";
			};
			name = Debug;
		};
		D1EF458A27D3C0EB0000A286 /* Release */ = {
			isa = XCBuildConfiguration;
			buildSettings = {
				ALWAYS_SEARCH_USER_PATHS = NO;
				CLANG_ANALYZER_NONNULL = YES;
				CLANG_ANALYZER_NUMBER_OBJECT_CONVERSION = YES_AGGRESSIVE;
				CLANG_CXX_LANGUAGE_STANDARD = "gnu++17";
				CLANG_CXX_LIBRARY = "libc++";
				CLANG_ENABLE_MODULES = YES;
				CLANG_ENABLE_OBJC_ARC = YES;
				CLANG_ENABLE_OBJC_WEAK = YES;
				CLANG_WARN_BLOCK_CAPTURE_AUTORELEASING = YES;
				CLANG_WARN_BOOL_CONVERSION = YES;
				CLANG_WARN_COMMA = YES;
				CLANG_WARN_CONSTANT_CONVERSION = YES;
				CLANG_WARN_DEPRECATED_OBJC_IMPLEMENTATIONS = YES;
				CLANG_WARN_DIRECT_OBJC_ISA_USAGE = YES_ERROR;
				CLANG_WARN_DOCUMENTATION_COMMENTS = YES;
				CLANG_WARN_EMPTY_BODY = YES;
				CLANG_WARN_ENUM_CONVERSION = YES;
				CLANG_WARN_INFINITE_RECURSION = YES;
				CLANG_WARN_INT_CONVERSION = YES;
				CLANG_WARN_NON_LITERAL_NULL_CONVERSION = YES;
				CLANG_WARN_OBJC_IMPLICIT_RETAIN_SELF = YES;
				CLANG_WARN_OBJC_LITERAL_CONVERSION = YES;
				CLANG_WARN_OBJC_ROOT_CLASS = YES_ERROR;
				CLANG_WARN_QUOTED_INCLUDE_IN_FRAMEWORK_HEADER = YES;
				CLANG_WARN_RANGE_LOOP_ANALYSIS = YES;
				CLANG_WARN_STRICT_PROTOTYPES = YES;
				CLANG_WARN_SUSPICIOUS_MOVE = YES;
				CLANG_WARN_UNGUARDED_AVAILABILITY = YES_AGGRESSIVE;
				CLANG_WARN_UNREACHABLE_CODE = YES;
				CLANG_WARN__DUPLICATE_METHOD_MATCH = YES;
				COPY_PHASE_STRIP = NO;
				DEBUG_INFORMATION_FORMAT = "dwarf-with-dsym";
				ENABLE_NS_ASSERTIONS = NO;
				ENABLE_STRICT_OBJC_MSGSEND = YES;
				GCC_C_LANGUAGE_STANDARD = gnu11;
				GCC_NO_COMMON_BLOCKS = YES;
				GCC_WARN_64_TO_32_BIT_CONVERSION = YES;
				GCC_WARN_ABOUT_RETURN_TYPE = YES_ERROR;
				GCC_WARN_UNDECLARED_SELECTOR = YES;
				GCC_WARN_UNINITIALIZED_AUTOS = YES_AGGRESSIVE;
				GCC_WARN_UNUSED_FUNCTION = YES;
				GCC_WARN_UNUSED_VARIABLE = YES;
				IPHONEOS_DEPLOYMENT_TARGET = 15.2;
				MTL_ENABLE_DEBUG_INFO = NO;
				MTL_FAST_MATH = YES;
				SDKROOT = iphoneos;
				SWIFT_COMPILATION_MODE = wholemodule;
				SWIFT_OPTIMIZATION_LEVEL = "-O";
				VALIDATE_PRODUCT = YES;
			};
			name = Release;
		};
		D1EF458C27D3C0EB0000A286 /* Debug */ = {
			isa = XCBuildConfiguration;
			buildSettings = {
				ASSETCATALOG_COMPILER_APPICON_NAME = AppIcon;
				ASSETCATALOG_COMPILER_GLOBAL_ACCENT_COLOR_NAME = AccentColor;
				CODE_SIGN_STYLE = Automatic;
				CURRENT_PROJECT_VERSION = 1;
				GENERATE_INFOPLIST_FILE = YES;
				INFOPLIST_FILE = SIBERS_TestTask/Info.plist;
				INFOPLIST_KEY_UIApplicationSupportsIndirectInputEvents = YES;
				INFOPLIST_KEY_UILaunchStoryboardName = LaunchScreen;
				INFOPLIST_KEY_UIMainStoryboardFile = MazeRoomViewController;
				INFOPLIST_KEY_UISupportedInterfaceOrientations_iPad = "UIInterfaceOrientationPortrait UIInterfaceOrientationPortraitUpsideDown UIInterfaceOrientationLandscapeLeft UIInterfaceOrientationLandscapeRight";
				INFOPLIST_KEY_UISupportedInterfaceOrientations_iPhone = "UIInterfaceOrientationPortrait UIInterfaceOrientationLandscapeLeft UIInterfaceOrientationLandscapeRight";
				LD_RUNPATH_SEARCH_PATHS = (
					"$(inherited)",
					"@executable_path/Frameworks",
				);
				MARKETING_VERSION = 1.0;
				PRODUCT_BUNDLE_IDENTIFIER = "AnnCorp.SIBERS-TestTask";
				PRODUCT_NAME = "$(TARGET_NAME)";
				SWIFT_EMIT_LOC_STRINGS = YES;
				SWIFT_VERSION = 5.0;
				TARGETED_DEVICE_FAMILY = "1,2";
			};
			name = Debug;
		};
		D1EF458D27D3C0EB0000A286 /* Release */ = {
			isa = XCBuildConfiguration;
			buildSettings = {
				ASSETCATALOG_COMPILER_APPICON_NAME = AppIcon;
				ASSETCATALOG_COMPILER_GLOBAL_ACCENT_COLOR_NAME = AccentColor;
				CODE_SIGN_STYLE = Automatic;
				CURRENT_PROJECT_VERSION = 1;
				GENERATE_INFOPLIST_FILE = YES;
				INFOPLIST_FILE = SIBERS_TestTask/Info.plist;
				INFOPLIST_KEY_UIApplicationSupportsIndirectInputEvents = YES;
				INFOPLIST_KEY_UILaunchStoryboardName = LaunchScreen;
				INFOPLIST_KEY_UIMainStoryboardFile = MazeRoomViewController;
				INFOPLIST_KEY_UISupportedInterfaceOrientations_iPad = "UIInterfaceOrientationPortrait UIInterfaceOrientationPortraitUpsideDown UIInterfaceOrientationLandscapeLeft UIInterfaceOrientationLandscapeRight";
				INFOPLIST_KEY_UISupportedInterfaceOrientations_iPhone = "UIInterfaceOrientationPortrait UIInterfaceOrientationLandscapeLeft UIInterfaceOrientationLandscapeRight";
				LD_RUNPATH_SEARCH_PATHS = (
					"$(inherited)",
					"@executable_path/Frameworks",
				);
				MARKETING_VERSION = 1.0;
				PRODUCT_BUNDLE_IDENTIFIER = "AnnCorp.SIBERS-TestTask";
				PRODUCT_NAME = "$(TARGET_NAME)";
				SWIFT_EMIT_LOC_STRINGS = YES;
				SWIFT_VERSION = 5.0;
				TARGETED_DEVICE_FAMILY = "1,2";
			};
			name = Release;
		};
/* End XCBuildConfiguration section */

/* Begin XCConfigurationList section */
		D1EF457227D3C0EA0000A286 /* Build configuration list for PBXProject "SIBERS_TestTask" */ = {
			isa = XCConfigurationList;
			buildConfigurations = (
				D1EF458927D3C0EB0000A286 /* Debug */,
				D1EF458A27D3C0EB0000A286 /* Release */,
			);
			defaultConfigurationIsVisible = 0;
			defaultConfigurationName = Release;
		};
		D1EF458B27D3C0EB0000A286 /* Build configuration list for PBXNativeTarget "SIBERS_TestTask" */ = {
			isa = XCConfigurationList;
			buildConfigurations = (
				D1EF458C27D3C0EB0000A286 /* Debug */,
				D1EF458D27D3C0EB0000A286 /* Release */,
			);
			defaultConfigurationIsVisible = 0;
			defaultConfigurationName = Release;
		};
/* End XCConfigurationList section */
	};
	rootObject = D1EF456F27D3C0EA0000A286 /* Project object */;
}
